// !$*UTF8*$!
{
	archiveVersion = 1;
	classes = {
	};
	objectVersion = 46;
	objects = {

/* Begin PBXBuildFile section */
		BE22C6481F630CC50043C182 /* AppDelegate.swift in Sources */ = {isa = PBXBuildFile; fileRef = BE22C6471F630CC50043C182 /* AppDelegate.swift */; };
		BE22C64D1F630CC50043C182 /* Main.storyboard in Resources */ = {isa = PBXBuildFile; fileRef = BE22C64B1F630CC50043C182 /* Main.storyboard */; };
		BE22C6501F630CC50043C182 /* TaskManager.xcdatamodeld in Sources */ = {isa = PBXBuildFile; fileRef = BE22C64E1F630CC50043C182 /* TaskManager.xcdatamodeld */; };
		BE22C6521F630CC50043C182 /* Assets.xcassets in Resources */ = {isa = PBXBuildFile; fileRef = BE22C6511F630CC50043C182 /* Assets.xcassets */; };
		BE22C6551F630CC50043C182 /* LaunchScreen.storyboard in Resources */ = {isa = PBXBuildFile; fileRef = BE22C6531F630CC50043C182 /* LaunchScreen.storyboard */; };
		BE22C6621F6311B70043C182 /* TasksVC.swift in Sources */ = {isa = PBXBuildFile; fileRef = BE22C6611F6311B70043C182 /* TasksVC.swift */; };
		BE22C6641F63145E0043C182 /* TaskCell.swift in Sources */ = {isa = PBXBuildFile; fileRef = BE22C6631F63145E0043C182 /* TaskCell.swift */; };
		BE22C6661F6318DD0043C182 /* TaskType.swift in Sources */ = {isa = PBXBuildFile; fileRef = BE22C6651F6318DD0043C182 /* TaskType.swift */; };
		BE22C6681F631D040043C182 /* CreateTaskVC.swift in Sources */ = {isa = PBXBuildFile; fileRef = BE22C6671F631D040043C182 /* CreateTaskVC.swift */; };
		BE22C66A1F631DC60043C182 /* UIViewControllerExt.swift in Sources */ = {isa = PBXBuildFile; fileRef = BE22C6691F631DC60043C182 /* UIViewControllerExt.swift */; };
		BE22C66C1F631FCE0043C182 /* UIViewExt.swift in Sources */ = {isa = PBXBuildFile; fileRef = BE22C66B1F631FCE0043C182 /* UIViewExt.swift */; };
		BE22C66E1F6322050043C182 /* UIButtonExt.swift in Sources */ = {isa = PBXBuildFile; fileRef = BE22C66D1F6322050043C182 /* UIButtonExt.swift */; };
		BE22C6701F6324BE0043C182 /* FinishTaskVC.swift in Sources */ = {isa = PBXBuildFile; fileRef = BE22C66F1F6324BE0043C182 /* FinishTaskVC.swift */; };
/* End PBXBuildFile section */

/* Begin PBXFileReference section */
		BE22C6441F630CC50043C182 /* TaskManager.app */ = {isa = PBXFileReference; explicitFileType = wrapper.application; includeInIndex = 0; path = TaskManager.app; sourceTree = BUILT_PRODUCTS_DIR; };
		BE22C6471F630CC50043C182 /* AppDelegate.swift */ = {isa = PBXFileReference; lastKnownFileType = sourcecode.swift; path = AppDelegate.swift; sourceTree = "<group>"; };
		BE22C64C1F630CC50043C182 /* Base */ = {isa = PBXFileReference; lastKnownFileType = file.storyboard; name = Base; path = Base.lproj/Main.storyboard; sourceTree = "<group>"; };
		BE22C64F1F630CC50043C182 /* TaskManager.xcdatamodel */ = {isa = PBXFileReference; lastKnownFileType = wrapper.xcdatamodel; path = TaskManager.xcdatamodel; sourceTree = "<group>"; };
		BE22C6511F630CC50043C182 /* Assets.xcassets */ = {isa = PBXFileReference; lastKnownFileType = folder.assetcatalog; path = Assets.xcassets; sourceTree = "<group>"; };
		BE22C6541F630CC50043C182 /* Base */ = {isa = PBXFileReference; lastKnownFileType = file.storyboard; name = Base; path = Base.lproj/LaunchScreen.storyboard; sourceTree = "<group>"; };
		BE22C6561F630CC50043C182 /* Info.plist */ = {isa = PBXFileReference; lastKnownFileType = text.plist.xml; path = Info.plist; sourceTree = "<group>"; };
		BE22C6611F6311B70043C182 /* TasksVC.swift */ = {isa = PBXFileReference; fileEncoding = 4; lastKnownFileType = sourcecode.swift; path = TasksVC.swift; sourceTree = "<group>"; };
		BE22C6631F63145E0043C182 /* TaskCell.swift */ = {isa = PBXFileReference; fileEncoding = 4; lastKnownFileType = sourcecode.swift; path = TaskCell.swift; sourceTree = "<group>"; };
		BE22C6651F6318DD0043C182 /* TaskType.swift */ = {isa = PBXFileReference; fileEncoding = 4; lastKnownFileType = sourcecode.swift; path = TaskType.swift; sourceTree = "<group>"; };
		BE22C6671F631D040043C182 /* CreateTaskVC.swift */ = {isa = PBXFileReference; fileEncoding = 4; lastKnownFileType = sourcecode.swift; path = CreateTaskVC.swift; sourceTree = "<group>"; };
		BE22C6691F631DC60043C182 /* UIViewControllerExt.swift */ = {isa = PBXFileReference; fileEncoding = 4; lastKnownFileType = sourcecode.swift; path = UIViewControllerExt.swift; sourceTree = "<group>"; };
		BE22C66B1F631FCE0043C182 /* UIViewExt.swift */ = {isa = PBXFileReference; fileEncoding = 4; lastKnownFileType = sourcecode.swift; path = UIViewExt.swift; sourceTree = "<group>"; };
		BE22C66D1F6322050043C182 /* UIButtonExt.swift */ = {isa = PBXFileReference; fileEncoding = 4; lastKnownFileType = sourcecode.swift; path = UIButtonExt.swift; sourceTree = "<group>"; };
		BE22C66F1F6324BE0043C182 /* FinishTaskVC.swift */ = {isa = PBXFileReference; fileEncoding = 4; lastKnownFileType = sourcecode.swift; path = FinishTaskVC.swift; sourceTree = "<group>"; };
/* End PBXFileReference section */

/* Begin PBXFrameworksBuildPhase section */
		BE22C6411F630CC50043C182 /* Frameworks */ = {
			isa = PBXFrameworksBuildPhase;
			buildActionMask = 2147483647;
			files = (
			);
			runOnlyForDeploymentPostprocessing = 0;
		};
/* End PBXFrameworksBuildPhase section */

/* Begin PBXGroup section */
		BE22C63B1F630CC50043C182 = {
			isa = PBXGroup;
			children = (
				BE22C6461F630CC50043C182 /* TaskManager */,
				BE22C6451F630CC50043C182 /* Products */,
			);
			sourceTree = "<group>";
		};
		BE22C6451F630CC50043C182 /* Products */ = {
			isa = PBXGroup;
			children = (
				BE22C6441F630CC50043C182 /* TaskManager.app */,
			);
			name = Products;
			sourceTree = "<group>";
		};
		BE22C6461F630CC50043C182 /* TaskManager */ = {
			isa = PBXGroup;
			children = (
				BE22C6601F630D4E0043C182 /* Extensions */,
				BE22C65F1F630D480043C182 /* Enum */,
				BE22C65D1F630D350043C182 /* View */,
				BE22C65C1F630D2B0043C182 /* Controller */,
				BE22C6471F630CC50043C182 /* AppDelegate.swift */,
				BE22C64B1F630CC50043C182 /* Main.storyboard */,
				BE22C6511F630CC50043C182 /* Assets.xcassets */,
				BE22C6531F630CC50043C182 /* LaunchScreen.storyboard */,
				BE22C6561F630CC50043C182 /* Info.plist */,
				BE22C64E1F630CC50043C182 /* TaskManager.xcdatamodeld */,
			);
			path = TaskManager;
			sourceTree = "<group>";
		};
		BE22C65C1F630D2B0043C182 /* Controller */ = {
			isa = PBXGroup;
			children = (
				BE22C6611F6311B70043C182 /* TasksVC.swift */,
				BE22C6671F631D040043C182 /* CreateTaskVC.swift */,
				BE22C66F1F6324BE0043C182 /* FinishTaskVC.swift */,
			);
			name = Controller;
			sourceTree = "<group>";
		};
		BE22C65D1F630D350043C182 /* View */ = {
			isa = PBXGroup;
			children = (
				BE22C6631F63145E0043C182 /* TaskCell.swift */,
			);
			name = View;
			sourceTree = "<group>";
		};
		BE22C65F1F630D480043C182 /* Enum */ = {
			isa = PBXGroup;
			children = (
				BE22C6651F6318DD0043C182 /* TaskType.swift */,
			);
			name = Enum;
			sourceTree = "<group>";
		};
		BE22C6601F630D4E0043C182 /* Extensions */ = {
			isa = PBXGroup;
			children = (
				BE22C6691F631DC60043C182 /* UIViewControllerExt.swift */,
				BE22C66B1F631FCE0043C182 /* UIViewExt.swift */,
				BE22C66D1F6322050043C182 /* UIButtonExt.swift */,
			);
			name = Extensions;
			sourceTree = "<group>";
		};
/* End PBXGroup section */

/* Begin PBXNativeTarget section */
		BE22C6431F630CC50043C182 /* TaskManager */ = {
			isa = PBXNativeTarget;
			buildConfigurationList = BE22C6591F630CC50043C182 /* Build configuration list for PBXNativeTarget "TaskManager" */;
			buildPhases = (
				BE22C6401F630CC50043C182 /* Sources */,
				BE22C6411F630CC50043C182 /* Frameworks */,
				BE22C6421F630CC50043C182 /* Resources */,
			);
			buildRules = (
			);
			dependencies = (
			);
			name = TaskManager;
			productName = TaskManager;
			productReference = BE22C6441F630CC50043C182 /* TaskManager.app */;
			productType = "com.apple.product-type.application";
		};
/* End PBXNativeTarget section */

/* Begin PBXProject section */
		BE22C63C1F630CC50043C182 /* Project object */ = {
			isa = PBXProject;
			attributes = {
				LastSwiftUpdateCheck = 0830;
				LastUpgradeCheck = 0830;
				ORGANIZATIONNAME = "David Szemenkar";
				TargetAttributes = {
					BE22C6431F630CC50043C182 = {
						CreatedOnToolsVersion = 8.3.3;
						DevelopmentTeam = DD86Y68YZC;
						ProvisioningStyle = Automatic;
					};
				};
			};
			buildConfigurationList = BE22C63F1F630CC50043C182 /* Build configuration list for PBXProject "TaskManager" */;
			compatibilityVersion = "Xcode 3.2";
			developmentRegion = English;
			hasScannedForEncodings = 0;
			knownRegions = (
				en,
				Base,
			);
			mainGroup = BE22C63B1F630CC50043C182;
			productRefGroup = BE22C6451F630CC50043C182 /* Products */;
			projectDirPath = "";
			projectRoot = "";
			targets = (
				BE22C6431F630CC50043C182 /* TaskManager */,
			);
		};
/* End PBXProject section */

/* Begin PBXResourcesBuildPhase section */
		BE22C6421F630CC50043C182 /* Resources */ = {
			isa = PBXResourcesBuildPhase;
			buildActionMask = 2147483647;
			files = (
				BE22C6551F630CC50043C182 /* LaunchScreen.storyboard in Resources */,
				BE22C6521F630CC50043C182 /* Assets.xcassets in Resources */,
				BE22C64D1F630CC50043C182 /* Main.storyboard in Resources */,
			);
			runOnlyForDeploymentPostprocessing = 0;
		};
/* End PBXResourcesBuildPhase section */

/* Begin PBXSourcesBuildPhase section */
		BE22C6401F630CC50043C182 /* Sources */ = {
			isa = PBXSourcesBuildPhase;
			buildActionMask = 2147483647;
			files = (
				BE22C6701F6324BE0043C182 /* FinishTaskVC.swift in Sources */,
				BE22C6641F63145E0043C182 /* TaskCell.swift in Sources */,
				BE22C6501F630CC50043C182 /* TaskManager.xcdatamodeld in Sources */,
				BE22C6661F6318DD0043C182 /* TaskType.swift in Sources */,
				BE22C6481F630CC50043C182 /* AppDelegate.swift in Sources */,
				BE22C66C1F631FCE0043C182 /* UIViewExt.swift in Sources */,
				BE22C6621F6311B70043C182 /* TasksVC.swift in Sources */,
				BE22C66A1F631DC60043C182 /* UIViewControllerExt.swift in Sources */,
				BE22C66E1F6322050043C182 /* UIButtonExt.swift in Sources */,
				BE22C6681F631D040043C182 /* CreateTaskVC.swift in Sources */,
			);
			runOnlyForDeploymentPostprocessing = 0;
		};
/* End PBXSourcesBuildPhase section */

/* Begin PBXVariantGroup section */
		BE22C64B1F630CC50043C182 /* Main.storyboard */ = {
			isa = PBXVariantGroup;
			children = (
				BE22C64C1F630CC50043C182 /* Base */,
			);
			name = Main.storyboard;
			sourceTree = "<group>";
		};
		BE22C6531F630CC50043C182 /* LaunchScreen.storyboard */ = {
			isa = PBXVariantGroup;
			children = (
				BE22C6541F630CC50043C182 /* Base */,
			);
			name = LaunchScreen.storyboard;
			sourceTree = "<group>";
		};
/* End PBXVariantGroup section */

/* Begin XCBuildConfiguration section */
		BE22C6571F630CC50043C182 /* Debug */ = {
			isa = XCBuildConfiguration;
			buildSettings = {
				ALWAYS_SEARCH_USER_PATHS = NO;
				CLANG_ANALYZER_NONNULL = YES;
				CLANG_ANALYZER_NUMBER_OBJECT_CONVERSION = YES_AGGRESSIVE;
				CLANG_CXX_LANGUAGE_STANDARD = "gnu++0x";
				CLANG_CXX_LIBRARY = "libc++";
				CLANG_ENABLE_MODULES = YES;
				CLANG_ENABLE_OBJC_ARC = YES;
				CLANG_WARN_BOOL_CONVERSION = YES;
				CLANG_WARN_CONSTANT_CONVERSION = YES;
				CLANG_WARN_DIRECT_OBJC_ISA_USAGE = YES_ERROR;
				CLANG_WARN_DOCUMENTATION_COMMENTS = YES;
				CLANG_WARN_EMPTY_BODY = YES;
				CLANG_WARN_ENUM_CONVERSION = YES;
				CLANG_WARN_INFINITE_RECURSION = YES;
				CLANG_WARN_INT_CONVERSION = YES;
				CLANG_WARN_OBJC_ROOT_CLASS = YES_ERROR;
				CLANG_WARN_SUSPICIOUS_MOVE = YES;
				CLANG_WARN_UNREACHABLE_CODE = YES;
				CLANG_WARN__DUPLICATE_METHOD_MATCH = YES;
				"CODE_SIGN_IDENTITY[sdk=iphoneos*]" = "iPhone Developer";
				COPY_PHASE_STRIP = NO;
				DEBUG_INFORMATION_FORMAT = dwarf;
				ENABLE_STRICT_OBJC_MSGSEND = YES;
				ENABLE_TESTABILITY = YES;
				GCC_C_LANGUAGE_STANDARD = gnu99;
				GCC_DYNAMIC_NO_PIC = NO;
				GCC_NO_COMMON_BLOCKS = YES;
				GCC_OPTIMIZATION_LEVEL = 0;
				GCC_PREPROCESSOR_DEFINITIONS = (
					"DEBUG=1",
					"$(inherited)",
				);
				GCC_WARN_64_TO_32_BIT_CONVERSION = YES;
				GCC_WARN_ABOUT_RETURN_TYPE = YES_ERROR;
				GCC_WARN_UNDECLARED_SELECTOR = YES;
				GCC_WARN_UNINITIALIZED_AUTOS = YES_AGGRESSIVE;
				GCC_WARN_UNUSED_FUNCTION = YES;
				GCC_WARN_UNUSED_VARIABLE = YES;
				IPHONEOS_DEPLOYMENT_TARGET = 10.3;
				MTL_ENABLE_DEBUG_INFO = YES;
				ONLY_ACTIVE_ARCH = YES;
				SDKROOT = iphoneos;
				SWIFT_ACTIVE_COMPILATION_CONDITIONS = DEBUG;
				SWIFT_OPTIMIZATION_LEVEL = "-Onone";
				TARGETED_DEVICE_FAMILY = "1,2";
			};
			name = Debug;
		};
		BE22C6581F630CC50043C182 /* Release */ = {
			isa = XCBuildConfiguration;
			buildSettings = {
				ALWAYS_SEARCH_USER_PATHS = NO;
				CLANG_ANALYZER_NONNULL = YES;
				CLANG_ANALYZER_NUMBER_OBJECT_CONVERSION = YES_AGGRESSIVE;
				CLANG_CXX_LANGUAGE_STANDARD = "gnu++0x";
				CLANG_CXX_LIBRARY = "libc++";
				CLANG_ENABLE_MODULES = YES;
				CLANG_ENABLE_OBJC_ARC = YES;
				CLANG_WARN_BOOL_CONVERSION = YES;
				CLANG_WARN_CONSTANT_CONVERSION = YES;
				CLANG_WARN_DIRECT_OBJC_ISA_USAGE = YES_ERROR;
				CLANG_WARN_DOCUMENTATION_COMMENTS = YES;
				CLANG_WARN_EMPTY_BODY = YES;
				CLANG_WARN_ENUM_CONVERSION = YES;
				CLANG_WARN_INFINITE_RECURSION = YES;
				CLANG_WARN_INT_CONVERSION = YES;
				CLANG_WARN_OBJC_ROOT_CLASS = YES_ERROR;
				CLANG_WARN_SUSPICIOUS_MOVE = YES;
				CLANG_WARN_UNREACHABLE_CODE = YES;
				CLANG_WARN__DUPLICATE_METHOD_MATCH = YES;
				"CODE_SIGN_IDENTITY[sdk=iphoneos*]" = "iPhone Developer";
				COPY_PHASE_STRIP = NO;
				DEBUG_INFORMATION_FORMAT = "dwarf-with-dsym";
				ENABLE_NS_ASSERTIONS = NO;
				ENABLE_STRICT_OBJC_MSGSEND = YES;
				GCC_C_LANGUAGE_STANDARD = gnu99;
				GCC_NO_COMMON_BLOCKS = YES;
				GCC_WARN_64_TO_32_BIT_CONVERSION = YES;
				GCC_WARN_ABOUT_RETURN_TYPE = YES_ERROR;
				GCC_WARN_UNDECLARED_SELECTOR = YES;
				GCC_WARN_UNINITIALIZED_AUTOS = YES_AGGRESSIVE;
				GCC_WARN_UNUSED_FUNCTION = YES;
				GCC_WARN_UNUSED_VARIABLE = YES;
				IPHONEOS_DEPLOYMENT_TARGET = 10.3;
				MTL_ENABLE_DEBUG_INFO = NO;
				SDKROOT = iphoneos;
				SWIFT_OPTIMIZATION_LEVEL = "-Owholemodule";
				TARGETED_DEVICE_FAMILY = "1,2";
				VALIDATE_PRODUCT = YES;
			};
			name = Release;
		};
		BE22C65A1F630CC50043C182 /* Debug */ = {
			isa = XCBuildConfiguration;
			buildSettings = {
				ASSETCATALOG_COMPILER_APPICON_NAME = AppIcon;
				DEVELOPMENT_TEAM = DD86Y68YZC;
				INFOPLIST_FILE = TaskManager/Info.plist;
				LD_RUNPATH_SEARCH_PATHS = "$(inherited) @executable_path/Frameworks";
				PRODUCT_BUNDLE_IDENTIFIER = Appkompaniet.TaskManager;
				PRODUCT_NAME = "$(TARGET_NAME)";
				SWIFT_VERSION = 3.0;
			};
			name = Debug;
		};
		BE22C65B1F630CC50043C182 /* Release */ = {
			isa = XCBuildConfiguration;
			buildSettings = {
				ASSETCATALOG_COMPILER_APPICON_NAME = AppIcon;
				DEVELOPMENT_TEAM = DD86Y68YZC;
				INFOPLIST_FILE = TaskManager/Info.plist;
				LD_RUNPATH_SEARCH_PATHS = "$(inherited) @executable_path/Frameworks";
				PRODUCT_BUNDLE_IDENTIFIER = Appkompaniet.TaskManager;
				PRODUCT_NAME = "$(TARGET_NAME)";
				SWIFT_VERSION = 3.0;
			};
			name = Release;
		};
/* End XCBuildConfiguration section */

/* Begin XCConfigurationList section */
		BE22C63F1F630CC50043C182 /* Build configuration list for PBXProject "TaskManager" */ = {
			isa = XCConfigurationList;
			buildConfigurations = (
				BE22C6571F630CC50043C182 /* Debug */,
				BE22C6581F630CC50043C182 /* Release */,
			);
			defaultConfigurationIsVisible = 0;
			defaultConfigurationName = Release;
		};
		BE22C6591F630CC50043C182 /* Build configuration list for PBXNativeTarget "TaskManager" */ = {
			isa = XCConfigurationList;
			buildConfigurations = (
				BE22C65A1F630CC50043C182 /* Debug */,
				BE22C65B1F630CC50043C182 /* Release */,
			);
			defaultConfigurationIsVisible = 0;
		};
/* End XCConfigurationList section */

/* Begin XCVersionGroup section */
		BE22C64E1F630CC50043C182 /* TaskManager.xcdatamodeld */ = {
			isa = XCVersionGroup;
			children = (
				BE22C64F1F630CC50043C182 /* TaskManager.xcdatamodel */,
			);
			currentVersion = BE22C64F1F630CC50043C182 /* TaskManager.xcdatamodel */;
			path = TaskManager.xcdatamodeld;
			sourceTree = "<group>";
			versionGroupType = wrapper.xcdatamodel;
		};
/* End XCVersionGroup section */
	};
	rootObject = BE22C63C1F630CC50043C182 /* Project object */;
}
